
Microsoft Visual Studio Solution File, Format Version 12.00
# Visual Studio Version 17
VisualStudioVersion = 17.14.36401.2
MinimumVisualStudioVersion = 10.0.40219.1
Project("{FAE04EC0-301F-11D3-BF4B-00C04F79EFBC}") = "DeployDemo", "DeployDemo\DeployDemo.csproj", "{2F1C3C02-73EB-4DEA-ABF0-2FA5D8CFF41D}"
EndProject
Project("{FAE04EC0-301F-11D3-BF4B-00C04F79EFBC}") = "DemoFunctionApp", "DemoFunctionApp\DemoFunctionApp.csproj", "{2CFBDF8F-EC22-498E-A1F1-767F0C5A1B38}"
EndProject
Project("{FAE04EC0-301F-11D3-BF4B-00C04F79EFBC}") = "DeployDemoTest", "DeployDemoTest\DeployDemoTest.csproj", "{D589EB8A-3C89-45DF-9D38-75C37F06C0CA}"
EndProject
Global
	GlobalSection(SolutionConfigurationPlatforms) = preSolution
		Debug|Any CPU = Debug|Any CPU
		Release|Any CPU = Release|Any CPU
	EndGlobalSection
	GlobalSection(ProjectConfigurationPlatforms) = postSolution
		{2F1C3C02-73EB-4DEA-ABF0-2FA5D8CFF41D}.Debug|Any CPU.ActiveCfg = Debug|Any CPU
		{2F1C3C02-73EB-4DEA-ABF0-2FA5D8CFF41D}.Debug|Any CPU.Build.0 = Debug|Any CPU
		{2F1C3C02-73EB-4DEA-ABF0-2FA5D8CFF41D}.Release|Any CPU.ActiveCfg = Release|Any CPU
		{2F1C3C02-73EB-4DEA-ABF0-2FA5D8CFF41D}.Release|Any CPU.Build.0 = Release|Any CPU
		{2CFBDF8F-EC22-498E-A1F1-767F0C5A1B38}.Debug|Any CPU.ActiveCfg = Debug|Any CPU
		{2CFBDF8F-EC22-498E-A1F1-767F0C5A1B38}.Debug|Any CPU.Build.0 = Debug|Any CPU
		{2CFBDF8F-EC22-498E-A1F1-767F0C5A1B38}.Release|Any CPU.ActiveCfg = Release|Any CPU
		{2CFBDF8F-EC22-498E-A1F1-767F0C5A1B38}.Release|Any CPU.Build.0 = Release|Any CPU
		{D589EB8A-3C89-45DF-9D38-75C37F06C0CA}.Debug|Any CPU.ActiveCfg = Debug|Any CPU
		{D589EB8A-3C89-45DF-9D38-75C37F06C0CA}.Debug|Any CPU.Build.0 = Debug|Any CPU
		{D589EB8A-3C89-45DF-9D38-75C37F06C0CA}.Release|Any CPU.ActiveCfg = Release|Any CPU
		{D589EB8A-3C89-45DF-9D38-75C37F06C0CA}.Release|Any CPU.Build.0 = Release|Any CPU
	EndGlobalSection
	GlobalSection(SolutionProperties) = preSolution
		HideSolutionNode = FALSE
	EndGlobalSection
	GlobalSection(ExtensibilityGlobals) = postSolution
		SolutionGuid = {DBA507F8-43E4-4DCD-B79A-0A2CD06CD185}
	EndGlobalSection
EndGlobal
